// !$*UTF8*$!
{
	archiveVersion = 1;
	classes = {
	};
	objectVersion = 46;
	objects = {

/* Begin PBXBuildFile section */
		55907FE41BB8F06100BEAD4B /* AppDelegate.swift in Sources */ = {isa = PBXBuildFile; fileRef = 55907FE31BB8F06100BEAD4B /* AppDelegate.swift */; };
		55907FE91BB8F06100BEAD4B /* Main.storyboard in Resources */ = {isa = PBXBuildFile; fileRef = 55907FE71BB8F06100BEAD4B /* Main.storyboard */; };
		55907FEB1BB8F06100BEAD4B /* Assets.xcassets in Resources */ = {isa = PBXBuildFile; fileRef = 55907FEA1BB8F06100BEAD4B /* Assets.xcassets */; };
		55907FEE1BB8F06100BEAD4B /* LaunchScreen.storyboard in Resources */ = {isa = PBXBuildFile; fileRef = 55907FEC1BB8F06100BEAD4B /* LaunchScreen.storyboard */; };
		55907FF91BB8F06100BEAD4B /* Smart_CFTests.swift in Sources */ = {isa = PBXBuildFile; fileRef = 55907FF81BB8F06100BEAD4B /* Smart_CFTests.swift */; };
		559080041BB8F06100BEAD4B /* Smart_CFUITests.swift in Sources */ = {isa = PBXBuildFile; fileRef = 559080031BB8F06100BEAD4B /* Smart_CFUITests.swift */; };
		559080151BB8F13500BEAD4B /* User.swift in Sources */ = {isa = PBXBuildFile; fileRef = 559080141BB8F13500BEAD4B /* User.swift */; settings = {ASSET_TAGS = (); }; };
		559080171BB8F3E200BEAD4B /* Settings.swift in Sources */ = {isa = PBXBuildFile; fileRef = 559080161BB8F3E200BEAD4B /* Settings.swift */; settings = {ASSET_TAGS = (); }; };
		559080191BB8F71900BEAD4B /* LoginViewController.swift in Sources */ = {isa = PBXBuildFile; fileRef = 559080181BB8F71900BEAD4B /* LoginViewController.swift */; settings = {ASSET_TAGS = (); }; };
		55CDE1BA1BC0293E00FAF74B /* HomeViewController.swift in Sources */ = {isa = PBXBuildFile; fileRef = 55CDE1B91BC0293E00FAF74B /* HomeViewController.swift */; settings = {ASSET_TAGS = (); }; };
		55CDE1BC1BC02DDD00FAF74B /* SurveyViewController.swift in Sources */ = {isa = PBXBuildFile; fileRef = 55CDE1BB1BC02DDD00FAF74B /* SurveyViewController.swift */; settings = {ASSET_TAGS = (); }; };
		9ABA551DC383E69C75B79B6D /* Pods.framework in Frameworks */ = {isa = PBXBuildFile; fileRef = 301924EFDCFAB5F76804FC60 /* Pods.framework */; settings = {ATTRIBUTES = (Weak, ); }; };
/* End PBXBuildFile section */

/* Begin PBXContainerItemProxy section */
		55907FF51BB8F06100BEAD4B /* PBXContainerItemProxy */ = {
			isa = PBXContainerItemProxy;
			containerPortal = 55907FD81BB8F06100BEAD4B /* Project object */;
			proxyType = 1;
			remoteGlobalIDString = 55907FDF1BB8F06100BEAD4B;
			remoteInfo = "Smart CF";
		};
		559080001BB8F06100BEAD4B /* PBXContainerItemProxy */ = {
			isa = PBXContainerItemProxy;
			containerPortal = 55907FD81BB8F06100BEAD4B /* Project object */;
			proxyType = 1;
			remoteGlobalIDString = 55907FDF1BB8F06100BEAD4B;
			remoteInfo = "Smart CF";
		};
/* End PBXContainerItemProxy section */

/* Begin PBXFileReference section */
		301924EFDCFAB5F76804FC60 /* Pods.framework */ = {isa = PBXFileReference; explicitFileType = wrapper.framework; includeInIndex = 0; path = Pods.framework; sourceTree = BUILT_PRODUCTS_DIR; };
		55907FE01BB8F06100BEAD4B /* Smart CF.app */ = {isa = PBXFileReference; explicitFileType = wrapper.application; includeInIndex = 0; path = "Smart CF.app"; sourceTree = BUILT_PRODUCTS_DIR; };
		55907FE31BB8F06100BEAD4B /* AppDelegate.swift */ = {isa = PBXFileReference; lastKnownFileType = sourcecode.swift; path = AppDelegate.swift; sourceTree = "<group>"; };
		55907FE81BB8F06100BEAD4B /* Base */ = {isa = PBXFileReference; lastKnownFileType = file.storyboard; name = Base; path = Base.lproj/Main.storyboard; sourceTree = "<group>"; };
		55907FEA1BB8F06100BEAD4B /* Assets.xcassets */ = {isa = PBXFileReference; lastKnownFileType = folder.assetcatalog; path = Assets.xcassets; sourceTree = "<group>"; };
		55907FED1BB8F06100BEAD4B /* Base */ = {isa = PBXFileReference; lastKnownFileType = file.storyboard; name = Base; path = Base.lproj/LaunchScreen.storyboard; sourceTree = "<group>"; };
		55907FEF1BB8F06100BEAD4B /* Info.plist */ = {isa = PBXFileReference; lastKnownFileType = text.plist.xml; path = Info.plist; sourceTree = "<group>"; };
		55907FF41BB8F06100BEAD4B /* Smart CFTests.xctest */ = {isa = PBXFileReference; explicitFileType = wrapper.cfbundle; includeInIndex = 0; path = "Smart CFTests.xctest"; sourceTree = BUILT_PRODUCTS_DIR; };
		55907FF81BB8F06100BEAD4B /* Smart_CFTests.swift */ = {isa = PBXFileReference; lastKnownFileType = sourcecode.swift; path = Smart_CFTests.swift; sourceTree = "<group>"; };
		55907FFA1BB8F06100BEAD4B /* Info.plist */ = {isa = PBXFileReference; lastKnownFileType = text.plist.xml; path = Info.plist; sourceTree = "<group>"; };
		55907FFF1BB8F06100BEAD4B /* Smart CFUITests.xctest */ = {isa = PBXFileReference; explicitFileType = wrapper.cfbundle; includeInIndex = 0; path = "Smart CFUITests.xctest"; sourceTree = BUILT_PRODUCTS_DIR; };
		559080031BB8F06100BEAD4B /* Smart_CFUITests.swift */ = {isa = PBXFileReference; lastKnownFileType = sourcecode.swift; path = Smart_CFUITests.swift; sourceTree = "<group>"; };
		559080051BB8F06100BEAD4B /* Info.plist */ = {isa = PBXFileReference; lastKnownFileType = text.plist.xml; path = Info.plist; sourceTree = "<group>"; };
		559080141BB8F13500BEAD4B /* User.swift */ = {isa = PBXFileReference; fileEncoding = 4; lastKnownFileType = sourcecode.swift; path = User.swift; sourceTree = "<group>"; };
		559080161BB8F3E200BEAD4B /* Settings.swift */ = {isa = PBXFileReference; fileEncoding = 4; lastKnownFileType = sourcecode.swift; path = Settings.swift; sourceTree = "<group>"; };
		559080181BB8F71900BEAD4B /* LoginViewController.swift */ = {isa = PBXFileReference; fileEncoding = 4; lastKnownFileType = sourcecode.swift; path = LoginViewController.swift; sourceTree = "<group>"; };
		55CDE1B91BC0293E00FAF74B /* HomeViewController.swift */ = {isa = PBXFileReference; fileEncoding = 4; lastKnownFileType = sourcecode.swift; path = HomeViewController.swift; sourceTree = "<group>"; };
		55CDE1BB1BC02DDD00FAF74B /* SurveyViewController.swift */ = {isa = PBXFileReference; fileEncoding = 4; lastKnownFileType = sourcecode.swift; path = SurveyViewController.swift; sourceTree = "<group>"; };
		A3ECFAD035BD0488205B1694 /* Pods.release.xcconfig */ = {isa = PBXFileReference; includeInIndex = 1; lastKnownFileType = text.xcconfig; name = Pods.release.xcconfig; path = "Pods/Target Support Files/Pods/Pods.release.xcconfig"; sourceTree = "<group>"; };
		E6D4D398575A3F7E5BD2C25A /* Pods.debug.xcconfig */ = {isa = PBXFileReference; includeInIndex = 1; lastKnownFileType = text.xcconfig; name = Pods.debug.xcconfig; path = "Pods/Target Support Files/Pods/Pods.debug.xcconfig"; sourceTree = "<group>"; };
/* End PBXFileReference section */

/* Begin PBXFrameworksBuildPhase section */
		55907FDD1BB8F06100BEAD4B /* Frameworks */ = {
			isa = PBXFrameworksBuildPhase;
			buildActionMask = 2147483647;
			files = (
				9ABA551DC383E69C75B79B6D /* Pods.framework in Frameworks */,
			);
			runOnlyForDeploymentPostprocessing = 0;
		};
		55907FF11BB8F06100BEAD4B /* Frameworks */ = {
			isa = PBXFrameworksBuildPhase;
			buildActionMask = 2147483647;
			files = (
			);
			runOnlyForDeploymentPostprocessing = 0;
		};
		55907FFC1BB8F06100BEAD4B /* Frameworks */ = {
			isa = PBXFrameworksBuildPhase;
			buildActionMask = 2147483647;
			files = (
			);
			runOnlyForDeploymentPostprocessing = 0;
		};
/* End PBXFrameworksBuildPhase section */

/* Begin PBXGroup section */
		0598A4311015FB23928AC6DC /* Frameworks */ = {
			isa = PBXGroup;
			children = (
				301924EFDCFAB5F76804FC60 /* Pods.framework */,
			);
			name = Frameworks;
			sourceTree = "<group>";
		};
		55907FD71BB8F06100BEAD4B = {
			isa = PBXGroup;
			children = (
				55907FE21BB8F06100BEAD4B /* Smart CF */,
				55907FF71BB8F06100BEAD4B /* Smart CFTests */,
				559080021BB8F06100BEAD4B /* Smart CFUITests */,
				55907FE11BB8F06100BEAD4B /* Products */,
				D9C9B9904F6B2D9A439DFED9 /* Pods */,
				0598A4311015FB23928AC6DC /* Frameworks */,
			);
			sourceTree = "<group>";
		};
		55907FE11BB8F06100BEAD4B /* Products */ = {
			isa = PBXGroup;
			children = (
				55907FE01BB8F06100BEAD4B /* Smart CF.app */,
				55907FF41BB8F06100BEAD4B /* Smart CFTests.xctest */,
				55907FFF1BB8F06100BEAD4B /* Smart CFUITests.xctest */,
			);
			name = Products;
			sourceTree = "<group>";
		};
		55907FE21BB8F06100BEAD4B /* Smart CF */ = {
			isa = PBXGroup;
			children = (
				559080131BB8F12200BEAD4B /* Views */,
				559080121BB8F11900BEAD4B /* Controller */,
				559080111BB8F10F00BEAD4B /* Model */,
				55907FE31BB8F06100BEAD4B /* AppDelegate.swift */,
				55907FEA1BB8F06100BEAD4B /* Assets.xcassets */,
				55907FEF1BB8F06100BEAD4B /* Info.plist */,
			);
			path = "Smart CF";
			sourceTree = "<group>";
		};
		55907FF71BB8F06100BEAD4B /* Smart CFTests */ = {
			isa = PBXGroup;
			children = (
				55907FF81BB8F06100BEAD4B /* Smart_CFTests.swift */,
				55907FFA1BB8F06100BEAD4B /* Info.plist */,
			);
			path = "Smart CFTests";
			sourceTree = "<group>";
		};
		559080021BB8F06100BEAD4B /* Smart CFUITests */ = {
			isa = PBXGroup;
			children = (
				559080031BB8F06100BEAD4B /* Smart_CFUITests.swift */,
				559080051BB8F06100BEAD4B /* Info.plist */,
			);
			path = "Smart CFUITests";
			sourceTree = "<group>";
		};
		559080111BB8F10F00BEAD4B /* Model */ = {
			isa = PBXGroup;
			children = (
				559080141BB8F13500BEAD4B /* User.swift */,
				559080161BB8F3E200BEAD4B /* Settings.swift */,
			);
			name = Model;
			sourceTree = "<group>";
		};
		559080121BB8F11900BEAD4B /* Controller */ = {
			isa = PBXGroup;
			children = (
				559080181BB8F71900BEAD4B /* LoginViewController.swift */,
				55CDE1B91BC0293E00FAF74B /* HomeViewController.swift */,
				55CDE1BB1BC02DDD00FAF74B /* SurveyViewController.swift */,
			);
			name = Controller;
			sourceTree = "<group>";
		};
		559080131BB8F12200BEAD4B /* Views */ = {
			isa = PBXGroup;
			children = (
				55907FEC1BB8F06100BEAD4B /* LaunchScreen.storyboard */,
				55907FE71BB8F06100BEAD4B /* Main.storyboard */,
			);
			name = Views;
			sourceTree = "<group>";
		};
		D9C9B9904F6B2D9A439DFED9 /* Pods */ = {
			isa = PBXGroup;
			children = (
				E6D4D398575A3F7E5BD2C25A /* Pods.debug.xcconfig */,
				A3ECFAD035BD0488205B1694 /* Pods.release.xcconfig */,
			);
			name = Pods;
			sourceTree = "<group>";
		};
/* End PBXGroup section */

/* Begin PBXNativeTarget section */
		55907FDF1BB8F06100BEAD4B /* Smart CF */ = {
			isa = PBXNativeTarget;
			buildConfigurationList = 559080081BB8F06100BEAD4B /* Build configuration list for PBXNativeTarget "Smart CF" */;
			buildPhases = (
				00B13AC4D32DEF28E6339905 /* Check Pods Manifest.lock */,
				55907FDC1BB8F06100BEAD4B /* Sources */,
				55907FDD1BB8F06100BEAD4B /* Frameworks */,
				55907FDE1BB8F06100BEAD4B /* Resources */,
				7FB7417D37BCD41C3AB5CE55 /* Embed Pods Frameworks */,
				CCE563B9C3A8CED3C43AEEEB /* Copy Pods Resources */,
			);
			buildRules = (
			);
			dependencies = (
			);
			name = "Smart CF";
			productName = "Smart CF";
			productReference = 55907FE01BB8F06100BEAD4B /* Smart CF.app */;
			productType = "com.apple.product-type.application";
		};
		55907FF31BB8F06100BEAD4B /* Smart CFTests */ = {
			isa = PBXNativeTarget;
			buildConfigurationList = 5590800B1BB8F06100BEAD4B /* Build configuration list for PBXNativeTarget "Smart CFTests" */;
			buildPhases = (
				55907FF01BB8F06100BEAD4B /* Sources */,
				55907FF11BB8F06100BEAD4B /* Frameworks */,
				55907FF21BB8F06100BEAD4B /* Resources */,
			);
			buildRules = (
			);
			dependencies = (
				55907FF61BB8F06100BEAD4B /* PBXTargetDependency */,
			);
			name = "Smart CFTests";
			productName = "Smart CFTests";
			productReference = 55907FF41BB8F06100BEAD4B /* Smart CFTests.xctest */;
			productType = "com.apple.product-type.bundle.unit-test";
		};
		55907FFE1BB8F06100BEAD4B /* Smart CFUITests */ = {
			isa = PBXNativeTarget;
			buildConfigurationList = 5590800E1BB8F06100BEAD4B /* Build configuration list for PBXNativeTarget "Smart CFUITests" */;
			buildPhases = (
				55907FFB1BB8F06100BEAD4B /* Sources */,
				55907FFC1BB8F06100BEAD4B /* Frameworks */,
				55907FFD1BB8F06100BEAD4B /* Resources */,
			);
			buildRules = (
			);
			dependencies = (
				559080011BB8F06100BEAD4B /* PBXTargetDependency */,
			);
			name = "Smart CFUITests";
			productName = "Smart CFUITests";
			productReference = 55907FFF1BB8F06100BEAD4B /* Smart CFUITests.xctest */;
			productType = "com.apple.product-type.bundle.ui-testing";
		};
/* End PBXNativeTarget section */

/* Begin PBXProject section */
		55907FD81BB8F06100BEAD4B /* Project object */ = {
			isa = PBXProject;
			attributes = {
				LastUpgradeCheck = 0700;
				ORGANIZATIONNAME = "Meera Solution Inc";
				TargetAttributes = {
					55907FDF1BB8F06100BEAD4B = {
						CreatedOnToolsVersion = 7.0;
					};
					55907FF31BB8F06100BEAD4B = {
						CreatedOnToolsVersion = 7.0;
						TestTargetID = 55907FDF1BB8F06100BEAD4B;
					};
					55907FFE1BB8F06100BEAD4B = {
						CreatedOnToolsVersion = 7.0;
						TestTargetID = 55907FDF1BB8F06100BEAD4B;
					};
				};
			};
			buildConfigurationList = 55907FDB1BB8F06100BEAD4B /* Build configuration list for PBXProject "Smart CF" */;
			compatibilityVersion = "Xcode 3.2";
			developmentRegion = English;
			hasScannedForEncodings = 0;
			knownRegions = (
				en,
				Base,
			);
			mainGroup = 55907FD71BB8F06100BEAD4B;
			productRefGroup = 55907FE11BB8F06100BEAD4B /* Products */;
			projectDirPath = "";
			projectRoot = "";
			targets = (
				55907FDF1BB8F06100BEAD4B /* Smart CF */,
				55907FF31BB8F06100BEAD4B /* Smart CFTests */,
				55907FFE1BB8F06100BEAD4B /* Smart CFUITests */,
			);
		};
/* End PBXProject section */

/* Begin PBXResourcesBuildPhase section */
		55907FDE1BB8F06100BEAD4B /* Resources */ = {
			isa = PBXResourcesBuildPhase;
			buildActionMask = 2147483647;
			files = (
				55907FEE1BB8F06100BEAD4B /* LaunchScreen.storyboard in Resources */,
				55907FEB1BB8F06100BEAD4B /* Assets.xcassets in Resources */,
				55907FE91BB8F06100BEAD4B /* Main.storyboard in Resources */,
			);
			runOnlyForDeploymentPostprocessing = 0;
		};
		55907FF21BB8F06100BEAD4B /* Resources */ = {
			isa = PBXResourcesBuildPhase;
			buildActionMask = 2147483647;
			files = (
			);
			runOnlyForDeploymentPostprocessing = 0;
		};
		55907FFD1BB8F06100BEAD4B /* Resources */ = {
			isa = PBXResourcesBuildPhase;
			buildActionMask = 2147483647;
			files = (
			);
			runOnlyForDeploymentPostprocessing = 0;
		};
/* End PBXResourcesBuildPhase section */

/* Begin PBXShellScriptBuildPhase section */
		00B13AC4D32DEF28E6339905 /* Check Pods Manifest.lock */ = {
			isa = PBXShellScriptBuildPhase;
			buildActionMask = 2147483647;
			files = (
			);
			inputPaths = (
			);
			name = "Check Pods Manifest.lock";
			outputPaths = (
			);
			runOnlyForDeploymentPostprocessing = 0;
			shellPath = /bin/sh;
			shellScript = "diff \"${PODS_ROOT}/../Podfile.lock\" \"${PODS_ROOT}/Manifest.lock\" > /dev/null\nif [[ $? != 0 ]] ; then\n    cat << EOM\nerror: The sandbox is not in sync with the Podfile.lock. Run 'pod install' or update your CocoaPods installation.\nEOM\n    exit 1\nfi\n";
			showEnvVarsInLog = 0;
		};
		7FB7417D37BCD41C3AB5CE55 /* Embed Pods Frameworks */ = {
			isa = PBXShellScriptBuildPhase;
			buildActionMask = 2147483647;
			files = (
			);
			inputPaths = (
			);
			name = "Embed Pods Frameworks";
			outputPaths = (
			);
			runOnlyForDeploymentPostprocessing = 0;
			shellPath = /bin/sh;
			shellScript = "\"${SRCROOT}/Pods/Target Support Files/Pods/Pods-frameworks.sh\"\n";
			showEnvVarsInLog = 0;
		};
		CCE563B9C3A8CED3C43AEEEB /* Copy Pods Resources */ = {
			isa = PBXShellScriptBuildPhase;
			buildActionMask = 2147483647;
			files = (
			);
			inputPaths = (
			);
			name = "Copy Pods Resources";
			outputPaths = (
			);
			runOnlyForDeploymentPostprocessing = 0;
			shellPath = /bin/sh;
			shellScript = "\"${SRCROOT}/Pods/Target Support Files/Pods/Pods-resources.sh\"\n";
			showEnvVarsInLog = 0;
		};
/* End PBXShellScriptBuildPhase section */

/* Begin PBXSourcesBuildPhase section */
		55907FDC1BB8F06100BEAD4B /* Sources */ = {
			isa = PBXSourcesBuildPhase;
			buildActionMask = 2147483647;
			files = (
				55CDE1BA1BC0293E00FAF74B /* HomeViewController.swift in Sources */,
				559080191BB8F71900BEAD4B /* LoginViewController.swift in Sources */,
				55907FE41BB8F06100BEAD4B /* AppDelegate.swift in Sources */,
				559080171BB8F3E200BEAD4B /* Settings.swift in Sources */,
				55CDE1BC1BC02DDD00FAF74B /* SurveyViewController.swift in Sources */,
				559080151BB8F13500BEAD4B /* User.swift in Sources */,
			);
			runOnlyForDeploymentPostprocessing = 0;
		};
		55907FF01BB8F06100BEAD4B /* Sources */ = {
			isa = PBXSourcesBuildPhase;
			buildActionMask = 2147483647;
			files = (
				55907FF91BB8F06100BEAD4B /* Smart_CFTests.swift in Sources */,
			);
			runOnlyForDeploymentPostprocessing = 0;
		};
		55907FFB1BB8F06100BEAD4B /* Sources */ = {
			isa = PBXSourcesBuildPhase;
			buildActionMask = 2147483647;
			files = (
				559080041BB8F06100BEAD4B /* Smart_CFUITests.swift in Sources */,
			);
			runOnlyForDeploymentPostprocessing = 0;
		};
/* End PBXSourcesBuildPhase section */

/* Begin PBXTargetDependency section */
		55907FF61BB8F06100BEAD4B /* PBXTargetDependency */ = {
			isa = PBXTargetDependency;
			target = 55907FDF1BB8F06100BEAD4B /* Smart CF */;
			targetProxy = 55907FF51BB8F06100BEAD4B /* PBXContainerItemProxy */;
		};
		559080011BB8F06100BEAD4B /* PBXTargetDependency */ = {
			isa = PBXTargetDependency;
			target = 55907FDF1BB8F06100BEAD4B /* Smart CF */;
			targetProxy = 559080001BB8F06100BEAD4B /* PBXContainerItemProxy */;
		};
/* End PBXTargetDependency section */

/* Begin PBXVariantGroup section */
		55907FE71BB8F06100BEAD4B /* Main.storyboard */ = {
			isa = PBXVariantGroup;
			children = (
				55907FE81BB8F06100BEAD4B /* Base */,
			);
			name = Main.storyboard;
			sourceTree = "<group>";
		};
		55907FEC1BB8F06100BEAD4B /* LaunchScreen.storyboard */ = {
			isa = PBXVariantGroup;
			children = (
				55907FED1BB8F06100BEAD4B /* Base */,
			);
			name = LaunchScreen.storyboard;
			sourceTree = "<group>";
		};
/* End PBXVariantGroup section */

/* Begin XCBuildConfiguration section */
		559080061BB8F06100BEAD4B /* Debug */ = {
			isa = XCBuildConfiguration;
			buildSettings = {
				ALWAYS_SEARCH_USER_PATHS = NO;
				CLANG_CXX_LANGUAGE_STANDARD = "gnu++0x";
				CLANG_CXX_LIBRARY = "libc++";
				CLANG_ENABLE_MODULES = YES;
				CLANG_ENABLE_OBJC_ARC = YES;
				CLANG_WARN_BOOL_CONVERSION = YES;
				CLANG_WARN_CONSTANT_CONVERSION = YES;
				CLANG_WARN_DIRECT_OBJC_ISA_USAGE = YES_ERROR;
				CLANG_WARN_EMPTY_BODY = YES;
				CLANG_WARN_ENUM_CONVERSION = YES;
				CLANG_WARN_INT_CONVERSION = YES;
				CLANG_WARN_OBJC_ROOT_CLASS = YES_ERROR;
				CLANG_WARN_UNREACHABLE_CODE = YES;
				CLANG_WARN__DUPLICATE_METHOD_MATCH = YES;
				"CODE_SIGN_IDENTITY[sdk=iphoneos*]" = "iPhone Developer";
				COPY_PHASE_STRIP = NO;
				DEBUG_INFORMATION_FORMAT = dwarf;
				ENABLE_STRICT_OBJC_MSGSEND = YES;
				ENABLE_TESTABILITY = YES;
				GCC_C_LANGUAGE_STANDARD = gnu99;
				GCC_DYNAMIC_NO_PIC = NO;
				GCC_NO_COMMON_BLOCKS = YES;
				GCC_OPTIMIZATION_LEVEL = 0;
				GCC_PREPROCESSOR_DEFINITIONS = (
					"DEBUG=1",
					"$(inherited)",
				);
				GCC_WARN_64_TO_32_BIT_CONVERSION = YES;
				GCC_WARN_ABOUT_RETURN_TYPE = YES_ERROR;
				GCC_WARN_UNDECLARED_SELECTOR = YES;
				GCC_WARN_UNINITIALIZED_AUTOS = YES_AGGRESSIVE;
				GCC_WARN_UNUSED_FUNCTION = YES;
				GCC_WARN_UNUSED_VARIABLE = YES;
				IPHONEOS_DEPLOYMENT_TARGET = 9.0;
				MTL_ENABLE_DEBUG_INFO = YES;
				ONLY_ACTIVE_ARCH = YES;
				SDKROOT = iphoneos;
				SWIFT_OPTIMIZATION_LEVEL = "-Onone";
			};
			name = Debug;
		};
		559080071BB8F06100BEAD4B /* Release */ = {
			isa = XCBuildConfiguration;
			buildSettings = {
				ALWAYS_SEARCH_USER_PATHS = NO;
				CLANG_CXX_LANGUAGE_STANDARD = "gnu++0x";
				CLANG_CXX_LIBRARY = "libc++";
				CLANG_ENABLE_MODULES = YES;
				CLANG_ENABLE_OBJC_ARC = YES;
				CLANG_WARN_BOOL_CONVERSION = YES;
				CLANG_WARN_CONSTANT_CONVERSION = YES;
				CLANG_WARN_DIRECT_OBJC_ISA_USAGE = YES_ERROR;
				CLANG_WARN_EMPTY_BODY = YES;
				CLANG_WARN_ENUM_CONVERSION = YES;
				CLANG_WARN_INT_CONVERSION = YES;
				CLANG_WARN_OBJC_ROOT_CLASS = YES_ERROR;
				CLANG_WARN_UNREACHABLE_CODE = YES;
				CLANG_WARN__DUPLICATE_METHOD_MATCH = YES;
				"CODE_SIGN_IDENTITY[sdk=iphoneos*]" = "iPhone Developer";
				COPY_PHASE_STRIP = NO;
				DEBUG_INFORMATION_FORMAT = "dwarf-with-dsym";
				ENABLE_NS_ASSERTIONS = NO;
				ENABLE_STRICT_OBJC_MSGSEND = YES;
				GCC_C_LANGUAGE_STANDARD = gnu99;
				GCC_NO_COMMON_BLOCKS = YES;
				GCC_WARN_64_TO_32_BIT_CONVERSION = YES;
				GCC_WARN_ABOUT_RETURN_TYPE = YES_ERROR;
				GCC_WARN_UNDECLARED_SELECTOR = YES;
				GCC_WARN_UNINITIALIZED_AUTOS = YES_AGGRESSIVE;
				GCC_WARN_UNUSED_FUNCTION = YES;
				GCC_WARN_UNUSED_VARIABLE = YES;
				IPHONEOS_DEPLOYMENT_TARGET = 9.0;
				MTL_ENABLE_DEBUG_INFO = NO;
				SDKROOT = iphoneos;
				VALIDATE_PRODUCT = YES;
			};
			name = Release;
		};
		559080091BB8F06100BEAD4B /* Debug */ = {
			isa = XCBuildConfiguration;
			baseConfigurationReference = E6D4D398575A3F7E5BD2C25A /* Pods.debug.xcconfig */;
			buildSettings = {
				ASSETCATALOG_COMPILER_APPICON_NAME = AppIcon;
				INFOPLIST_FILE = "Smart CF/Info.plist";
				LD_RUNPATH_SEARCH_PATHS = "$(inherited) @executable_path/Frameworks";
				PRODUCT_BUNDLE_IDENTIFIER = "meera.solution.inc.Smart-CF";
				PRODUCT_NAME = "$(TARGET_NAME)";
			};
			name = Debug;
		};
		5590800A1BB8F06100BEAD4B /* Release */ = {
			isa = XCBuildConfiguration;
			baseConfigurationReference = A3ECFAD035BD0488205B1694 /* Pods.release.xcconfig */;
			buildSettings = {
				ASSETCATALOG_COMPILER_APPICON_NAME = AppIcon;
				INFOPLIST_FILE = "Smart CF/Info.plist";
				LD_RUNPATH_SEARCH_PATHS = "$(inherited) @executable_path/Frameworks";
				PRODUCT_BUNDLE_IDENTIFIER = "meera.solution.inc.Smart-CF";
				PRODUCT_NAME = "$(TARGET_NAME)";
			};
			name = Release;
		};
		5590800C1BB8F06100BEAD4B /* Debug */ = {
			isa = XCBuildConfiguration;
			buildSettings = {
				BUNDLE_LOADER = "$(TEST_HOST)";
				INFOPLIST_FILE = "Smart CFTests/Info.plist";
				LD_RUNPATH_SEARCH_PATHS = "$(inherited) @executable_path/Frameworks @loader_path/Frameworks";
				PRODUCT_BUNDLE_IDENTIFIER = "meera.solution.inc.Smart-CFTests";
				PRODUCT_NAME = "$(TARGET_NAME)";
				TEST_HOST = "$(BUILT_PRODUCTS_DIR)/Smart CF.app/Smart CF";
			};
			name = Debug;
		};
		5590800D1BB8F06100BEAD4B /* Release */ = {
			isa = XCBuildConfiguration;
			buildSettings = {
				BUNDLE_LOADER = "$(TEST_HOST)";
				INFOPLIST_FILE = "Smart CFTests/Info.plist";
				LD_RUNPATH_SEARCH_PATHS = "$(inherited) @executable_path/Frameworks @loader_path/Frameworks";
				PRODUCT_BUNDLE_IDENTIFIER = "meera.solution.inc.Smart-CFTests";
				PRODUCT_NAME = "$(TARGET_NAME)";
				TEST_HOST = "$(BUILT_PRODUCTS_DIR)/Smart CF.app/Smart CF";
			};
			name = Release;
		};
		5590800F1BB8F06100BEAD4B /* Debug */ = {
			isa = XCBuildConfiguration;
			buildSettings = {
				INFOPLIST_FILE = "Smart CFUITests/Info.plist";
				LD_RUNPATH_SEARCH_PATHS = "$(inherited) @executable_path/Frameworks @loader_path/Frameworks";
				PRODUCT_BUNDLE_IDENTIFIER = "meera.solution.inc.Smart-CFUITests";
				PRODUCT_NAME = "$(TARGET_NAME)";
				TEST_TARGET_NAME = "Smart CF";
				USES_XCTRUNNER = YES;
			};
			name = Debug;
		};
		559080101BB8F06100BEAD4B /* Release */ = {
			isa = XCBuildConfiguration;
			buildSettings = {
				INFOPLIST_FILE = "Smart CFUITests/Info.plist";
				LD_RUNPATH_SEARCH_PATHS = "$(inherited) @executable_path/Frameworks @loader_path/Frameworks";
				PRODUCT_BUNDLE_IDENTIFIER = "meera.solution.inc.Smart-CFUITests";
				PRODUCT_NAME = "$(TARGET_NAME)";
				TEST_TARGET_NAME = "Smart CF";
				USES_XCTRUNNER = YES;
			};
			name = Release;
		};
/* End XCBuildConfiguration section */

/* Begin XCConfigurationList section */
		55907FDB1BB8F06100BEAD4B /* Build configuration list for PBXProject "Smart CF" */ = {
			isa = XCConfigurationList;
			buildConfigurations = (
				559080061BB8F06100BEAD4B /* Debug */,
				559080071BB8F06100BEAD4B /* Release */,
			);
			defaultConfigurationIsVisible = 0;
			defaultConfigurationName = Release;
		};
		559080081BB8F06100BEAD4B /* Build configuration list for PBXNativeTarget "Smart CF" */ = {
			isa = XCConfigurationList;
			buildConfigurations = (
				559080091BB8F06100BEAD4B /* Debug */,
				5590800A1BB8F06100BEAD4B /* Release */,
			);
			defaultConfigurationIsVisible = 0;
			defaultConfigurationName = Release;
		};
		5590800B1BB8F06100BEAD4B /* Build configuration list for PBXNativeTarget "Smart CFTests" */ = {
			isa = XCConfigurationList;
			buildConfigurations = (
				5590800C1BB8F06100BEAD4B /* Debug */,
				5590800D1BB8F06100BEAD4B /* Release */,
			);
			defaultConfigurationIsVisible = 0;
			defaultConfigurationName = Release;
		};
		5590800E1BB8F06100BEAD4B /* Build configuration list for PBXNativeTarget "Smart CFUITests" */ = {
			isa = XCConfigurationList;
			buildConfigurations = (
				5590800F1BB8F06100BEAD4B /* Debug */,
				559080101BB8F06100BEAD4B /* Release */,
			);
			defaultConfigurationIsVisible = 0;
			defaultConfigurationName = Release;
		};
/* End XCConfigurationList section */
	};
	rootObject = 55907FD81BB8F06100BEAD4B /* Project object */;
}
